
Microsoft Visual Studio Solution File, Format Version 12.00
# Visual Studio Version 17
VisualStudioVersion = 17.0.31903.59
MinimumVisualStudioVersion = 10.0.40219.1
Project("{FAE04EC0-301F-11D3-BF4B-00C04F79EFBC}") = "AuditFlow.Shared", "AuditFlow.Shared\AuditFlow.Shared.csproj", "{FC1B747F-013D-4BB0-9E1E-60BA5120B175}"
EndProject
Project("{FAE04EC0-301F-11D3-BF4B-00C04F79EFBC}") = "AuditFlow.Simulator", "AuditFlow.Simulator\AuditFlow.Simulator.csproj", "{72AF39A6-6294-4C93-A208-CA36F6E0D8EC}"
EndProject
Project("{FAE04EC0-301F-11D3-BF4B-00C04F79EFBC}") = "AuditFlow.Engine", "AuditFlow.Engine\AuditFlow.Engine.csproj", "{EFE82535-6F63-4F27-A797-425B7B04CE0F}"
EndProject
Global
	GlobalSection(SolutionConfigurationPlatforms) = preSolution
		Debug|Any CPU = Debug|Any CPU
		Debug|x64 = Debug|x64
		Debug|x86 = Debug|x86
		Release|Any CPU = Release|Any CPU
		Release|x64 = Release|x64
		Release|x86 = Release|x86
	EndGlobalSection
	GlobalSection(ProjectConfigurationPlatforms) = postSolution
		{FC1B747F-013D-4BB0-9E1E-60BA5120B175}.Debug|Any CPU.ActiveCfg = Debug|Any CPU
		{FC1B747F-013D-4BB0-9E1E-60BA5120B175}.Debug|Any CPU.Build.0 = Debug|Any CPU
		{FC1B747F-013D-4BB0-9E1E-60BA5120B175}.Debug|x64.ActiveCfg = Debug|Any CPU
		{FC1B747F-013D-4BB0-9E1E-60BA5120B175}.Debug|x64.Build.0 = Debug|Any CPU
		{FC1B747F-013D-4BB0-9E1E-60BA5120B175}.Debug|x86.ActiveCfg = Debug|Any CPU
		{FC1B747F-013D-4BB0-9E1E-60BA5120B175}.Debug|x86.Build.0 = Debug|Any CPU
		{FC1B747F-013D-4BB0-9E1E-60BA5120B175}.Release|Any CPU.ActiveCfg = Release|Any CPU
		{FC1B747F-013D-4BB0-9E1E-60BA5120B175}.Release|Any CPU.Build.0 = Release|Any CPU
		{FC1B747F-013D-4BB0-9E1E-60BA5120B175}.Release|x64.ActiveCfg = Release|Any CPU
		{FC1B747F-013D-4BB0-9E1E-60BA5120B175}.Release|x64.Build.0 = Release|Any CPU
		{FC1B747F-013D-4BB0-9E1E-60BA5120B175}.Release|x86.ActiveCfg = Release|Any CPU
		{FC1B747F-013D-4BB0-9E1E-60BA5120B175}.Release|x86.Build.0 = Release|Any CPU
		{72AF39A6-6294-4C93-A208-CA36F6E0D8EC}.Debug|Any CPU.ActiveCfg = Debug|Any CPU
		{72AF39A6-6294-4C93-A208-CA36F6E0D8EC}.Debug|Any CPU.Build.0 = Debug|Any CPU
		{72AF39A6-6294-4C93-A208-CA36F6E0D8EC}.Debug|x64.ActiveCfg = Debug|Any CPU
		{72AF39A6-6294-4C93-A208-CA36F6E0D8EC}.Debug|x64.Build.0 = Debug|Any CPU
		{72AF39A6-6294-4C93-A208-CA36F6E0D8EC}.Debug|x86.ActiveCfg = Debug|Any CPU
		{72AF39A6-6294-4C93-A208-CA36F6E0D8EC}.Debug|x86.Build.0 = Debug|Any CPU
		{72AF39A6-6294-4C93-A208-CA36F6E0D8EC}.Release|Any CPU.ActiveCfg = Release|Any CPU
		{72AF39A6-6294-4C93-A208-CA36F6E0D8EC}.Release|Any CPU.Build.0 = Release|Any CPU
		{72AF39A6-6294-4C93-A208-CA36F6E0D8EC}.Release|x64.ActiveCfg = Release|Any CPU
		{72AF39A6-6294-4C93-A208-CA36F6E0D8EC}.Release|x64.Build.0 = Release|Any CPU
		{72AF39A6-6294-4C93-A208-CA36F6E0D8EC}.Release|x86.ActiveCfg = Release|Any CPU
		{72AF39A6-6294-4C93-A208-CA36F6E0D8EC}.Release|x86.Build.0 = Release|Any CPU
		{EFE82535-6F63-4F27-A797-425B7B04CE0F}.Debug|Any CPU.ActiveCfg = Debug|Any CPU
		{EFE82535-6F63-4F27-A797-425B7B04CE0F}.Debug|Any CPU.Build.0 = Debug|Any CPU
		{EFE82535-6F63-4F27-A797-425B7B04CE0F}.Debug|x64.ActiveCfg = Debug|Any CPU
		{EFE82535-6F63-4F27-A797-425B7B04CE0F}.Debug|x64.Build.0 = Debug|Any CPU
		{EFE82535-6F63-4F27-A797-425B7B04CE0F}.Debug|x86.ActiveCfg = Debug|Any CPU
		{EFE82535-6F63-4F27-A797-425B7B04CE0F}.Debug|x86.Build.0 = Debug|Any CPU
		{EFE82535-6F63-4F27-A797-425B7B04CE0F}.Release|Any CPU.ActiveCfg = Release|Any CPU
		{EFE82535-6F63-4F27-A797-425B7B04CE0F}.Release|Any CPU.Build.0 = Release|Any CPU
		{EFE82535-6F63-4F27-A797-425B7B04CE0F}.Release|x64.ActiveCfg = Release|Any CPU
		{EFE82535-6F63-4F27-A797-425B7B04CE0F}.Release|x64.Build.0 = Release|Any CPU
		{EFE82535-6F63-4F27-A797-425B7B04CE0F}.Release|x86.ActiveCfg = Release|Any CPU
		{EFE82535-6F63-4F27-A797-425B7B04CE0F}.Release|x86.Build.0 = Release|Any CPU
	EndGlobalSection
	GlobalSection(SolutionProperties) = preSolution
		HideSolutionNode = FALSE
	EndGlobalSection
EndGlobal
